// !$*UTF8*$!
{
	archiveVersion = 1;
	classes = {
	};
	objectVersion = 50;
	objects = {

/* Begin PBXBuildFile section */
		2912203F2257880D0080D1F3 /* CurrentRunVC.swift in Sources */ = {isa = PBXBuildFile; fileRef = 2912203E2257880D0080D1F3 /* CurrentRunVC.swift */; };
		298627332257425000A51764 /* RunLogVC.swift in Sources */ = {isa = PBXBuildFile; fileRef = 298627322257425000A51764 /* RunLogVC.swift */; };
		2994CFA2225608880097840C /* AppDelegate.swift in Sources */ = {isa = PBXBuildFile; fileRef = 2994CFA1225608880097840C /* AppDelegate.swift */; };
		2994CFA4225608880097840C /* BeginRunVC.swift in Sources */ = {isa = PBXBuildFile; fileRef = 2994CFA3225608880097840C /* BeginRunVC.swift */; };
		2994CFA7225608880097840C /* Main.storyboard in Resources */ = {isa = PBXBuildFile; fileRef = 2994CFA5225608880097840C /* Main.storyboard */; };
		2994CFAA225608880097840C /* Sport.xcdatamodeld in Sources */ = {isa = PBXBuildFile; fileRef = 2994CFA8225608880097840C /* Sport.xcdatamodeld */; };
		2994CFAC225608890097840C /* Assets.xcassets in Resources */ = {isa = PBXBuildFile; fileRef = 2994CFAB225608890097840C /* Assets.xcassets */; };
		2994CFAF225608890097840C /* LaunchScreen.storyboard in Resources */ = {isa = PBXBuildFile; fileRef = 2994CFAD225608890097840C /* LaunchScreen.storyboard */; };
		2994CFBA22561B3D0097840C /* Shabnam-Bold-FD.ttf in Resources */ = {isa = PBXBuildFile; fileRef = 2994CFB722561B3D0097840C /* Shabnam-Bold-FD.ttf */; };
		2994CFBB22561B3D0097840C /* Shabnam-FD.ttf in Resources */ = {isa = PBXBuildFile; fileRef = 2994CFB822561B3D0097840C /* Shabnam-FD.ttf */; };
		2994CFBC22561B3D0097840C /* Shabnam-Light-FD.ttf in Resources */ = {isa = PBXBuildFile; fileRef = 2994CFB922561B3D0097840C /* Shabnam-Light-FD.ttf */; };
		2994CFBF22561D530097840C /* MyTabBarItem.swift in Sources */ = {isa = PBXBuildFile; fileRef = 2994CFBE22561D530097840C /* MyTabBarItem.swift */; };
		29C57F9F225F566100C34E05 /* Extensions.swift in Sources */ = {isa = PBXBuildFile; fileRef = 29C57F9E225F566100C34E05 /* Extensions.swift */; };
/* End PBXBuildFile section */

/* Begin PBXFileReference section */
		2912203E2257880D0080D1F3 /* CurrentRunVC.swift */ = {isa = PBXFileReference; lastKnownFileType = sourcecode.swift; path = CurrentRunVC.swift; sourceTree = "<group>"; };
		298627322257425000A51764 /* RunLogVC.swift */ = {isa = PBXFileReference; lastKnownFileType = sourcecode.swift; path = RunLogVC.swift; sourceTree = "<group>"; };
		2994CF9E225608880097840C /* Sport.app */ = {isa = PBXFileReference; explicitFileType = wrapper.application; includeInIndex = 0; path = Sport.app; sourceTree = BUILT_PRODUCTS_DIR; };
		2994CFA1225608880097840C /* AppDelegate.swift */ = {isa = PBXFileReference; lastKnownFileType = sourcecode.swift; path = AppDelegate.swift; sourceTree = "<group>"; };
		2994CFA3225608880097840C /* BeginRunVC.swift */ = {isa = PBXFileReference; lastKnownFileType = sourcecode.swift; path = BeginRunVC.swift; sourceTree = "<group>"; };
		2994CFA6225608880097840C /* Base */ = {isa = PBXFileReference; lastKnownFileType = file.storyboard; name = Base; path = Base.lproj/Main.storyboard; sourceTree = "<group>"; };
		2994CFA9225608880097840C /* Sport.xcdatamodel */ = {isa = PBXFileReference; lastKnownFileType = wrapper.xcdatamodel; path = Sport.xcdatamodel; sourceTree = "<group>"; };
		2994CFAB225608890097840C /* Assets.xcassets */ = {isa = PBXFileReference; lastKnownFileType = folder.assetcatalog; path = Assets.xcassets; sourceTree = "<group>"; };
		2994CFAE225608890097840C /* Base */ = {isa = PBXFileReference; lastKnownFileType = file.storyboard; name = Base; path = Base.lproj/LaunchScreen.storyboard; sourceTree = "<group>"; };
		2994CFB0225608890097840C /* Info.plist */ = {isa = PBXFileReference; lastKnownFileType = text.plist.xml; path = Info.plist; sourceTree = "<group>"; };
		2994CFB722561B3D0097840C /* Shabnam-Bold-FD.ttf */ = {isa = PBXFileReference; lastKnownFileType = file; path = "Shabnam-Bold-FD.ttf"; sourceTree = "<group>"; };
		2994CFB822561B3D0097840C /* Shabnam-FD.ttf */ = {isa = PBXFileReference; lastKnownFileType = file; path = "Shabnam-FD.ttf"; sourceTree = "<group>"; };
		2994CFB922561B3D0097840C /* Shabnam-Light-FD.ttf */ = {isa = PBXFileReference; lastKnownFileType = file; path = "Shabnam-Light-FD.ttf"; sourceTree = "<group>"; };
		2994CFBE22561D530097840C /* MyTabBarItem.swift */ = {isa = PBXFileReference; lastKnownFileType = sourcecode.swift; path = MyTabBarItem.swift; sourceTree = "<group>"; };
		29C57F9E225F566100C34E05 /* Extensions.swift */ = {isa = PBXFileReference; lastKnownFileType = sourcecode.swift; path = Extensions.swift; sourceTree = "<group>"; };
/* End PBXFileReference section */

/* Begin PBXFrameworksBuildPhase section */
		2994CF9B225608880097840C /* Frameworks */ = {
			isa = PBXFrameworksBuildPhase;
			buildActionMask = 2147483647;
			files = (
			);
			runOnlyForDeploymentPostprocessing = 0;
		};
/* End PBXFrameworksBuildPhase section */

/* Begin PBXGroup section */
		2986272E2257414E00A51764 /* Controller */ = {
			isa = PBXGroup;
			children = (
				2994CFA3225608880097840C /* BeginRunVC.swift */,
				298627322257425000A51764 /* RunLogVC.swift */,
				2912203E2257880D0080D1F3 /* CurrentRunVC.swift */,
			);
			path = Controller;
			sourceTree = "<group>";
		};
		2986272F2257415B00A51764 /* Utilities */ = {
			isa = PBXGroup;
			children = (
			);
			path = Utilities;
			sourceTree = "<group>";
		};
		298627302257416900A51764 /* Extensions */ = {
			isa = PBXGroup;
			children = (
				29C57F9E225F566100C34E05 /* Extensions.swift */,
			);
			path = Extensions;
			sourceTree = "<group>";
		};
		298627312257418300A51764 /* Model */ = {
			isa = PBXGroup;
			children = (
			);
			path = Model;
			sourceTree = "<group>";
		};
		2994CF95225608880097840C = {
			isa = PBXGroup;
			children = (
				2994CFA0225608880097840C /* Sport */,
				2994CF9F225608880097840C /* Products */,
			);
			sourceTree = "<group>";
		};
		2994CF9F225608880097840C /* Products */ = {
			isa = PBXGroup;
			children = (
				2994CF9E225608880097840C /* Sport.app */,
			);
			name = Products;
			sourceTree = "<group>";
		};
		2994CFA0225608880097840C /* Sport */ = {
			isa = PBXGroup;
			children = (
				298627312257418300A51764 /* Model */,
				298627302257416900A51764 /* Extensions */,
				2986272F2257415B00A51764 /* Utilities */,
				2986272E2257414E00A51764 /* Controller */,
				2994CFBD22561D1C0097840C /* View */,
				2994CFB622561B1F0097840C /* Resources */,
				2994CFA1225608880097840C /* AppDelegate.swift */,
				2994CFA5225608880097840C /* Main.storyboard */,
				2994CFAD225608890097840C /* LaunchScreen.storyboard */,
				2994CFB0225608890097840C /* Info.plist */,
				2994CFA8225608880097840C /* Sport.xcdatamodeld */,
			);
			path = Sport;
			sourceTree = "<group>";
		};
		2994CFB622561B1F0097840C /* Resources */ = {
			isa = PBXGroup;
			children = (
				2994CFAB225608890097840C /* Assets.xcassets */,
				2994CFB722561B3D0097840C /* Shabnam-Bold-FD.ttf */,
				2994CFB822561B3D0097840C /* Shabnam-FD.ttf */,
				2994CFB922561B3D0097840C /* Shabnam-Light-FD.ttf */,
			);
			path = Resources;
			sourceTree = "<group>";
		};
		2994CFBD22561D1C0097840C /* View */ = {
			isa = PBXGroup;
			children = (
				2994CFBE22561D530097840C /* MyTabBarItem.swift */,
			);
			path = View;
			sourceTree = "<group>";
		};
/* End PBXGroup section */

/* Begin PBXNativeTarget section */
		2994CF9D225608880097840C /* Sport */ = {
			isa = PBXNativeTarget;
			buildConfigurationList = 2994CFB3225608890097840C /* Build configuration list for PBXNativeTarget "Sport" */;
			buildPhases = (
				2994CF9A225608880097840C /* Sources */,
				2994CF9B225608880097840C /* Frameworks */,
				2994CF9C225608880097840C /* Resources */,
			);
			buildRules = (
			);
			dependencies = (
			);
			name = Sport;
			productName = Sport;
			productReference = 2994CF9E225608880097840C /* Sport.app */;
			productType = "com.apple.product-type.application";
		};
/* End PBXNativeTarget section */

/* Begin PBXProject section */
		2994CF96225608880097840C /* Project object */ = {
			isa = PBXProject;
			attributes = {
				LastSwiftUpdateCheck = 1020;
				LastUpgradeCheck = 1020;
				ORGANIZATIONNAME = "Amir Sharafkar";
				TargetAttributes = {
					2994CF9D225608880097840C = {
						CreatedOnToolsVersion = 10.2;
					};
				};
			};
			buildConfigurationList = 2994CF99225608880097840C /* Build configuration list for PBXProject "Sport" */;
			compatibilityVersion = "Xcode 9.3";
			developmentRegion = en;
			hasScannedForEncodings = 0;
			knownRegions = (
				en,
				Base,
			);
			mainGroup = 2994CF95225608880097840C;
			productRefGroup = 2994CF9F225608880097840C /* Products */;
			projectDirPath = "";
			projectRoot = "";
			targets = (
				2994CF9D225608880097840C /* Sport */,
			);
		};
/* End PBXProject section */

/* Begin PBXResourcesBuildPhase section */
		2994CF9C225608880097840C /* Resources */ = {
			isa = PBXResourcesBuildPhase;
			buildActionMask = 2147483647;
			files = (
				2994CFAF225608890097840C /* LaunchScreen.storyboard in Resources */,
				2994CFBB22561B3D0097840C /* Shabnam-FD.ttf in Resources */,
				2994CFBC22561B3D0097840C /* Shabnam-Light-FD.ttf in Resources */,
				2994CFAC225608890097840C /* Assets.xcassets in Resources */,
				2994CFBA22561B3D0097840C /* Shabnam-Bold-FD.ttf in Resources */,
				2994CFA7225608880097840C /* Main.storyboard in Resources */,
			);
			runOnlyForDeploymentPostprocessing = 0;
		};
/* End PBXResourcesBuildPhase section */

/* Begin PBXSourcesBuildPhase section */
		2994CF9A225608880097840C /* Sources */ = {
			isa = PBXSourcesBuildPhase;
			buildActionMask = 2147483647;
			files = (
				298627332257425000A51764 /* RunLogVC.swift in Sources */,
				2994CFA4225608880097840C /* BeginRunVC.swift in Sources */,
				2994CFAA225608880097840C /* Sport.xcdatamodeld in Sources */,
				2994CFBF22561D530097840C /* MyTabBarItem.swift in Sources */,
				2912203F2257880D0080D1F3 /* CurrentRunVC.swift in Sources */,
				2994CFA2225608880097840C /* AppDelegate.swift in Sources */,
				29C57F9F225F566100C34E05 /* Extensions.swift in Sources */,
			);
			runOnlyForDeploymentPostprocessing = 0;
		};
/* End PBXSourcesBuildPhase section */

/* Begin PBXVariantGroup section */
		2994CFA5225608880097840C /* Main.storyboard */ = {
			isa = PBXVariantGroup;
			children = (
				2994CFA6225608880097840C /* Base */,
			);
			name = Main.storyboard;
			sourceTree = "<group>";
		};
		2994CFAD225608890097840C /* LaunchScreen.storyboard */ = {
			isa = PBXVariantGroup;
			children = (
				2994CFAE225608890097840C /* Base */,
			);
			name = LaunchScreen.storyboard;
			sourceTree = "<group>";
		};
/* End PBXVariantGroup section */

/* Begin XCBuildConfiguration section */
		2994CFB1225608890097840C /* Debug */ = {
			isa = XCBuildConfiguration;
			buildSettings = {
				ALWAYS_SEARCH_USER_PATHS = NO;
				CLANG_ANALYZER_NONNULL = YES;
				CLANG_ANALYZER_NUMBER_OBJECT_CONVERSION = YES_AGGRESSIVE;
				CLANG_CXX_LANGUAGE_STANDARD = "gnu++14";
				CLANG_CXX_LIBRARY = "libc++";
				CLANG_ENABLE_MODULES = YES;
				CLANG_ENABLE_OBJC_ARC = YES;
				CLANG_ENABLE_OBJC_WEAK = YES;
				CLANG_WARN_BLOCK_CAPTURE_AUTORELEASING = YES;
				CLANG_WARN_BOOL_CONVERSION = YES;
				CLANG_WARN_COMMA = YES;
				CLANG_WARN_CONSTANT_CONVERSION = YES;
				CLANG_WARN_DEPRECATED_OBJC_IMPLEMENTATIONS = YES;
				CLANG_WARN_DIRECT_OBJC_ISA_USAGE = YES_ERROR;
				CLANG_WARN_DOCUMENTATION_COMMENTS = YES;
				CLANG_WARN_EMPTY_BODY = YES;
				CLANG_WARN_ENUM_CONVERSION = YES;
				CLANG_WARN_INFINITE_RECURSION = YES;
				CLANG_WARN_INT_CONVERSION = YES;
				CLANG_WARN_NON_LITERAL_NULL_CONVERSION = YES;
				CLANG_WARN_OBJC_IMPLICIT_RETAIN_SELF = YES;
				CLANG_WARN_OBJC_LITERAL_CONVERSION = YES;
				CLANG_WARN_OBJC_ROOT_CLASS = YES_ERROR;
				CLANG_WARN_RANGE_LOOP_ANALYSIS = YES;
				CLANG_WARN_STRICT_PROTOTYPES = YES;
				CLANG_WARN_SUSPICIOUS_MOVE = YES;
				CLANG_WARN_UNGUARDED_AVAILABILITY = YES_AGGRESSIVE;
				CLANG_WARN_UNREACHABLE_CODE = YES;
				CLANG_WARN__DUPLICATE_METHOD_MATCH = YES;
				CODE_SIGN_IDENTITY = "iPhone Developer";
				COPY_PHASE_STRIP = NO;
				DEBUG_INFORMATION_FORMAT = dwarf;
				ENABLE_STRICT_OBJC_MSGSEND = YES;
				ENABLE_TESTABILITY = YES;
				GCC_C_LANGUAGE_STANDARD = gnu11;
				GCC_DYNAMIC_NO_PIC = NO;
				GCC_NO_COMMON_BLOCKS = YES;
				GCC_OPTIMIZATION_LEVEL = 0;
				GCC_PREPROCESSOR_DEFINITIONS = (
					"DEBUG=1",
					"$(inherited)",
				);
				GCC_WARN_64_TO_32_BIT_CONVERSION = YES;
				GCC_WARN_ABOUT_RETURN_TYPE = YES_ERROR;
				GCC_WARN_UNDECLARED_SELECTOR = YES;
				GCC_WARN_UNINITIALIZED_AUTOS = YES_AGGRESSIVE;
				GCC_WARN_UNUSED_FUNCTION = YES;
				GCC_WARN_UNUSED_VARIABLE = YES;
				IPHONEOS_DEPLOYMENT_TARGET = 12.2;
				MTL_ENABLE_DEBUG_INFO = INCLUDE_SOURCE;
				MTL_FAST_MATH = YES;
				ONLY_ACTIVE_ARCH = YES;
				SDKROOT = iphoneos;
				SWIFT_ACTIVE_COMPILATION_CONDITIONS = DEBUG;
				SWIFT_OPTIMIZATION_LEVEL = "-Onone";
			};
			name = Debug;
		};
		2994CFB2225608890097840C /* Release */ = {
			isa = XCBuildConfiguration;
			buildSettings = {
				ALWAYS_SEARCH_USER_PATHS = NO;
				CLANG_ANALYZER_NONNULL = YES;
				CLANG_ANALYZER_NUMBER_OBJECT_CONVERSION = YES_AGGRESSIVE;
				CLANG_CXX_LANGUAGE_STANDARD = "gnu++14";
				CLANG_CXX_LIBRARY = "libc++";
				CLANG_ENABLE_MODULES = YES;
				CLANG_ENABLE_OBJC_ARC = YES;
				CLANG_ENABLE_OBJC_WEAK = YES;
				CLANG_WARN_BLOCK_CAPTURE_AUTORELEASING = YES;
				CLANG_WARN_BOOL_CONVERSION = YES;
				CLANG_WARN_COMMA = YES;
				CLANG_WARN_CONSTANT_CONVERSION = YES;
				CLANG_WARN_DEPRECATED_OBJC_IMPLEMENTATIONS = YES;
				CLANG_WARN_DIRECT_OBJC_ISA_USAGE = YES_ERROR;
				CLANG_WARN_DOCUMENTATION_COMMENTS = YES;
				CLANG_WARN_EMPTY_BODY = YES;
				CLANG_WARN_ENUM_CONVERSION = YES;
				CLANG_WARN_INFINITE_RECURSION = YES;
				CLANG_WARN_INT_CONVERSION = YES;
				CLANG_WARN_NON_LITERAL_NULL_CONVERSION = YES;
				CLANG_WARN_OBJC_IMPLICIT_RETAIN_SELF = YES;
				CLANG_WARN_OBJC_LITERAL_CONVERSION = YES;
				CLANG_WARN_OBJC_ROOT_CLASS = YES_ERROR;
				CLANG_WARN_RANGE_LOOP_ANALYSIS = YES;
				CLANG_WARN_STRICT_PROTOTYPES = YES;
				CLANG_WARN_SUSPICIOUS_MOVE = YES;
				CLANG_WARN_UNGUARDED_AVAILABILITY = YES_AGGRESSIVE;
				CLANG_WARN_UNREACHABLE_CODE = YES;
				CLANG_WARN__DUPLICATE_METHOD_MATCH = YES;
				CODE_SIGN_IDENTITY = "iPhone Developer";
				COPY_PHASE_STRIP = NO;
				DEBUG_INFORMATION_FORMAT = "dwarf-with-dsym";
				ENABLE_NS_ASSERTIONS = NO;
				ENABLE_STRICT_OBJC_MSGSEND = YES;
				GCC_C_LANGUAGE_STANDARD = gnu11;
				GCC_NO_COMMON_BLOCKS = YES;
				GCC_WARN_64_TO_32_BIT_CONVERSION = YES;
				GCC_WARN_ABOUT_RETURN_TYPE = YES_ERROR;
				GCC_WARN_UNDECLARED_SELECTOR = YES;
				GCC_WARN_UNINITIALIZED_AUTOS = YES_AGGRESSIVE;
				GCC_WARN_UNUSED_FUNCTION = YES;
				GCC_WARN_UNUSED_VARIABLE = YES;
				IPHONEOS_DEPLOYMENT_TARGET = 12.2;
				MTL_ENABLE_DEBUG_INFO = NO;
				MTL_FAST_MATH = YES;
				SDKROOT = iphoneos;
				SWIFT_COMPILATION_MODE = wholemodule;
				SWIFT_OPTIMIZATION_LEVEL = "-O";
				VALIDATE_PRODUCT = YES;
			};
			name = Release;
		};
		2994CFB4225608890097840C /* Debug */ = {
			isa = XCBuildConfiguration;
			buildSettings = {
				ASSETCATALOG_COMPILER_APPICON_NAME = AppIcon;
				CODE_SIGN_STYLE = Automatic;
				DEVELOPMENT_TEAM = 6783XEWDDV;
				INFOPLIST_FILE = Sport/Info.plist;
				LD_RUNPATH_SEARCH_PATHS = (
					"$(inherited)",
					"@executable_path/Frameworks",
				);
				PRODUCT_BUNDLE_IDENTIFIER = sharafkar.tutorial.realm.sport;
				PRODUCT_NAME = "$(TARGET_NAME)";
				SWIFT_VERSION = 5.0;
				TARGETED_DEVICE_FAMILY = "1,2";
			};
			name = Debug;
		};
		2994CFB5225608890097840C /* Release */ = {
			isa = XCBuildConfiguration;
			buildSettings = {
				ASSETCATALOG_COMPILER_APPICON_NAME = AppIcon;
				CODE_SIGN_STYLE = Automatic;
				DEVELOPMENT_TEAM = 6783XEWDDV;
				INFOPLIST_FILE = Sport/Info.plist;
				LD_RUNPATH_SEARCH_PATHS = (
					"$(inherited)",
					"@executable_path/Frameworks",
				);
				PRODUCT_BUNDLE_IDENTIFIER = sharafkar.tutorial.realm.sport;
				PRODUCT_NAME = "$(TARGET_NAME)";
				SWIFT_VERSION = 5.0;
				TARGETED_DEVICE_FAMILY = "1,2";
			};
			name = Release;
		};
/* End XCBuildConfiguration section */

/* Begin XCConfigurationList section */
		2994CF99225608880097840C /* Build configuration list for PBXProject "Sport" */ = {
			isa = XCConfigurationList;
			buildConfigurations = (
				2994CFB1225608890097840C /* Debug */,
				2994CFB2225608890097840C /* Release */,
			);
			defaultConfigurationIsVisible = 0;
			defaultConfigurationName = Release;
		};
		2994CFB3225608890097840C /* Build configuration list for PBXNativeTarget "Sport" */ = {
			isa = XCConfigurationList;
			buildConfigurations = (
				2994CFB4225608890097840C /* Debug */,
				2994CFB5225608890097840C /* Release */,
			);
			defaultConfigurationIsVisible = 0;
			defaultConfigurationName = Release;
		};
/* End XCConfigurationList section */

/* Begin XCVersionGroup section */
		2994CFA8225608880097840C /* Sport.xcdatamodeld */ = {
			isa = XCVersionGroup;
			children = (
				2994CFA9225608880097840C /* Sport.xcdatamodel */,
			);
			currentVersion = 2994CFA9225608880097840C /* Sport.xcdatamodel */;
			path = Sport.xcdatamodeld;
			sourceTree = "<group>";
			versionGroupType = wrapper.xcdatamodel;
		};
/* End XCVersionGroup section */
	};
	rootObject = 2994CF96225608880097840C /* Project object */;
}
